
Microsoft Visual Studio Solution File, Format Version 12.00
# Visual Studio Version 16
VisualStudioVersion = 16.0.30114.105
MinimumVisualStudioVersion = 10.0.40219.1
Project("{FAE04EC0-301F-11D3-BF4B-00C04F79EFBC}") = "UI", "UI\UI.csproj", "{BED34CD8-78C7-4B56-BD25-92C8442DCFFD}"
EndProject
Project("{FAE04EC0-301F-11D3-BF4B-00C04F79EFBC}") = "BLL", "BLL\BLL.csproj", "{A840AA6A-7F66-443D-B16E-8FD0D0D0CAD3}"
EndProject
Project("{FAE04EC0-301F-11D3-BF4B-00C04F79EFBC}") = "DAL", "DAL\DAL.csproj", "{1587AD6C-6898-4727-8458-0167F1037A3A}"
EndProject
Project("{FAE04EC0-301F-11D3-BF4B-00C04F79EFBC}") = "Entities", "Entities\Entities.csproj", "{44FB666D-39AC-462B-B2D9-AB4E29F97D03}"
EndProject
Global
	GlobalSection(SolutionConfigurationPlatforms) = preSolution
		Debug|Any CPU = Debug|Any CPU
		Debug|x64 = Debug|x64
		Debug|x86 = Debug|x86
		Release|Any CPU = Release|Any CPU
		Release|x64 = Release|x64
		Release|x86 = Release|x86
	EndGlobalSection
	GlobalSection(SolutionProperties) = preSolution
		HideSolutionNode = FALSE
	EndGlobalSection
	GlobalSection(ProjectConfigurationPlatforms) = postSolution
		{BED34CD8-78C7-4B56-BD25-92C8442DCFFD}.Debug|Any CPU.ActiveCfg = Debug|Any CPU
		{BED34CD8-78C7-4B56-BD25-92C8442DCFFD}.Debug|Any CPU.Build.0 = Debug|Any CPU
		{BED34CD8-78C7-4B56-BD25-92C8442DCFFD}.Debug|x64.ActiveCfg = Debug|Any CPU
		{BED34CD8-78C7-4B56-BD25-92C8442DCFFD}.Debug|x64.Build.0 = Debug|Any CPU
		{BED34CD8-78C7-4B56-BD25-92C8442DCFFD}.Debug|x86.ActiveCfg = Debug|Any CPU
		{BED34CD8-78C7-4B56-BD25-92C8442DCFFD}.Debug|x86.Build.0 = Debug|Any CPU
		{BED34CD8-78C7-4B56-BD25-92C8442DCFFD}.Release|Any CPU.ActiveCfg = Release|Any CPU
		{BED34CD8-78C7-4B56-BD25-92C8442DCFFD}.Release|Any CPU.Build.0 = Release|Any CPU
		{BED34CD8-78C7-4B56-BD25-92C8442DCFFD}.Release|x64.ActiveCfg = Release|Any CPU
		{BED34CD8-78C7-4B56-BD25-92C8442DCFFD}.Release|x64.Build.0 = Release|Any CPU
		{BED34CD8-78C7-4B56-BD25-92C8442DCFFD}.Release|x86.ActiveCfg = Release|Any CPU
		{BED34CD8-78C7-4B56-BD25-92C8442DCFFD}.Release|x86.Build.0 = Release|Any CPU
		{A840AA6A-7F66-443D-B16E-8FD0D0D0CAD3}.Debug|Any CPU.ActiveCfg = Debug|Any CPU
		{A840AA6A-7F66-443D-B16E-8FD0D0D0CAD3}.Debug|Any CPU.Build.0 = Debug|Any CPU
		{A840AA6A-7F66-443D-B16E-8FD0D0D0CAD3}.Debug|x64.ActiveCfg = Debug|Any CPU
		{A840AA6A-7F66-443D-B16E-8FD0D0D0CAD3}.Debug|x64.Build.0 = Debug|Any CPU
		{A840AA6A-7F66-443D-B16E-8FD0D0D0CAD3}.Debug|x86.ActiveCfg = Debug|Any CPU
		{A840AA6A-7F66-443D-B16E-8FD0D0D0CAD3}.Debug|x86.Build.0 = Debug|Any CPU
		{A840AA6A-7F66-443D-B16E-8FD0D0D0CAD3}.Release|Any CPU.ActiveCfg = Release|Any CPU
		{A840AA6A-7F66-443D-B16E-8FD0D0D0CAD3}.Release|Any CPU.Build.0 = Release|Any CPU
		{A840AA6A-7F66-443D-B16E-8FD0D0D0CAD3}.Release|x64.ActiveCfg = Release|Any CPU
		{A840AA6A-7F66-443D-B16E-8FD0D0D0CAD3}.Release|x64.Build.0 = Release|Any CPU
		{A840AA6A-7F66-443D-B16E-8FD0D0D0CAD3}.Release|x86.ActiveCfg = Release|Any CPU
		{A840AA6A-7F66-443D-B16E-8FD0D0D0CAD3}.Release|x86.Build.0 = Release|Any CPU
		{1587AD6C-6898-4727-8458-0167F1037A3A}.Debug|Any CPU.ActiveCfg = Debug|Any CPU
		{1587AD6C-6898-4727-8458-0167F1037A3A}.Debug|Any CPU.Build.0 = Debug|Any CPU
		{1587AD6C-6898-4727-8458-0167F1037A3A}.Debug|x64.ActiveCfg = Debug|Any CPU
		{1587AD6C-6898-4727-8458-0167F1037A3A}.Debug|x64.Build.0 = Debug|Any CPU
		{1587AD6C-6898-4727-8458-0167F1037A3A}.Debug|x86.ActiveCfg = Debug|Any CPU
		{1587AD6C-6898-4727-8458-0167F1037A3A}.Debug|x86.Build.0 = Debug|Any CPU
		{1587AD6C-6898-4727-8458-0167F1037A3A}.Release|Any CPU.ActiveCfg = Release|Any CPU
		{1587AD6C-6898-4727-8458-0167F1037A3A}.Release|Any CPU.Build.0 = Release|Any CPU
		{1587AD6C-6898-4727-8458-0167F1037A3A}.Release|x64.ActiveCfg = Release|Any CPU
		{1587AD6C-6898-4727-8458-0167F1037A3A}.Release|x64.Build.0 = Release|Any CPU
		{1587AD6C-6898-4727-8458-0167F1037A3A}.Release|x86.ActiveCfg = Release|Any CPU
		{1587AD6C-6898-4727-8458-0167F1037A3A}.Release|x86.Build.0 = Release|Any CPU
		{44FB666D-39AC-462B-B2D9-AB4E29F97D03}.Debug|Any CPU.ActiveCfg = Debug|Any CPU
		{44FB666D-39AC-462B-B2D9-AB4E29F97D03}.Debug|Any CPU.Build.0 = Debug|Any CPU
		{44FB666D-39AC-462B-B2D9-AB4E29F97D03}.Debug|x64.ActiveCfg = Debug|Any CPU
		{44FB666D-39AC-462B-B2D9-AB4E29F97D03}.Debug|x64.Build.0 = Debug|Any CPU
		{44FB666D-39AC-462B-B2D9-AB4E29F97D03}.Debug|x86.ActiveCfg = Debug|Any CPU
		{44FB666D-39AC-462B-B2D9-AB4E29F97D03}.Debug|x86.Build.0 = Debug|Any CPU
		{44FB666D-39AC-462B-B2D9-AB4E29F97D03}.Release|Any CPU.ActiveCfg = Release|Any CPU
		{44FB666D-39AC-462B-B2D9-AB4E29F97D03}.Release|Any CPU.Build.0 = Release|Any CPU
		{44FB666D-39AC-462B-B2D9-AB4E29F97D03}.Release|x64.ActiveCfg = Release|Any CPU
		{44FB666D-39AC-462B-B2D9-AB4E29F97D03}.Release|x64.Build.0 = Release|Any CPU
		{44FB666D-39AC-462B-B2D9-AB4E29F97D03}.Release|x86.ActiveCfg = Release|Any CPU
		{44FB666D-39AC-462B-B2D9-AB4E29F97D03}.Release|x86.Build.0 = Release|Any CPU
	EndGlobalSection
EndGlobal
