
Microsoft Visual Studio Solution File, Format Version 12.00
# Visual Studio Version 16
VisualStudioVersion = 16.0.30114.105
MinimumVisualStudioVersion = 10.0.40219.1
Project("{FAE04EC0-301F-11D3-BF4B-00C04F79EFBC}") = "Programa", "Programa\Programa.csproj", "{F7FFD7FF-29BF-4FD2-971B-3260A411BD25}"
EndProject
Project("{FAE04EC0-301F-11D3-BF4B-00C04F79EFBC}") = "Modelos", "Modelos\Modelos.csproj", "{1A441F4E-BA9D-4451-8FAF-BF1326EE6396}"
EndProject
Global
	GlobalSection(SolutionConfigurationPlatforms) = preSolution
		Debug|Any CPU = Debug|Any CPU
		Release|Any CPU = Release|Any CPU
	EndGlobalSection
	GlobalSection(SolutionProperties) = preSolution
		HideSolutionNode = FALSE
	EndGlobalSection
	GlobalSection(ProjectConfigurationPlatforms) = postSolution
		{F7FFD7FF-29BF-4FD2-971B-3260A411BD25}.Debug|Any CPU.ActiveCfg = Debug|Any CPU
		{F7FFD7FF-29BF-4FD2-971B-3260A411BD25}.Debug|Any CPU.Build.0 = Debug|Any CPU
		{F7FFD7FF-29BF-4FD2-971B-3260A411BD25}.Release|Any CPU.ActiveCfg = Release|Any CPU
		{F7FFD7FF-29BF-4FD2-971B-3260A411BD25}.Release|Any CPU.Build.0 = Release|Any CPU
		{1A441F4E-BA9D-4451-8FAF-BF1326EE6396}.Debug|Any CPU.ActiveCfg = Debug|Any CPU
		{1A441F4E-BA9D-4451-8FAF-BF1326EE6396}.Debug|Any CPU.Build.0 = Debug|Any CPU
		{1A441F4E-BA9D-4451-8FAF-BF1326EE6396}.Release|Any CPU.ActiveCfg = Release|Any CPU
		{1A441F4E-BA9D-4451-8FAF-BF1326EE6396}.Release|Any CPU.Build.0 = Release|Any CPU
	EndGlobalSection
EndGlobal
