
Microsoft Visual Studio Solution File, Format Version 12.00
# Visual Studio Version 16
VisualStudioVersion = 16.0.30114.105
MinimumVisualStudioVersion = 10.0.40219.1
Project("{FAE04EC0-301F-11D3-BF4B-00C04F79EFBC}") = "Biblioteca", "Biblioteca\Biblioteca.csproj", "{7018E6E0-7056-4A67-ABA2-DD2D83C93C21}"
EndProject
Project("{FAE04EC0-301F-11D3-BF4B-00C04F79EFBC}") = "Programa", "Programa\Programa.csproj", "{4A7BB80A-F635-4975-9B9E-1805FE9666DB}"
EndProject
Global
	GlobalSection(SolutionConfigurationPlatforms) = preSolution
		Debug|Any CPU = Debug|Any CPU
		Debug|x64 = Debug|x64
		Debug|x86 = Debug|x86
		Release|Any CPU = Release|Any CPU
		Release|x64 = Release|x64
		Release|x86 = Release|x86
	EndGlobalSection
	GlobalSection(SolutionProperties) = preSolution
		HideSolutionNode = FALSE
	EndGlobalSection
	GlobalSection(ProjectConfigurationPlatforms) = postSolution
		{7018E6E0-7056-4A67-ABA2-DD2D83C93C21}.Debug|Any CPU.ActiveCfg = Debug|Any CPU
		{7018E6E0-7056-4A67-ABA2-DD2D83C93C21}.Debug|Any CPU.Build.0 = Debug|Any CPU
		{7018E6E0-7056-4A67-ABA2-DD2D83C93C21}.Debug|x64.ActiveCfg = Debug|Any CPU
		{7018E6E0-7056-4A67-ABA2-DD2D83C93C21}.Debug|x64.Build.0 = Debug|Any CPU
		{7018E6E0-7056-4A67-ABA2-DD2D83C93C21}.Debug|x86.ActiveCfg = Debug|Any CPU
		{7018E6E0-7056-4A67-ABA2-DD2D83C93C21}.Debug|x86.Build.0 = Debug|Any CPU
		{7018E6E0-7056-4A67-ABA2-DD2D83C93C21}.Release|Any CPU.ActiveCfg = Release|Any CPU
		{7018E6E0-7056-4A67-ABA2-DD2D83C93C21}.Release|Any CPU.Build.0 = Release|Any CPU
		{7018E6E0-7056-4A67-ABA2-DD2D83C93C21}.Release|x64.ActiveCfg = Release|Any CPU
		{7018E6E0-7056-4A67-ABA2-DD2D83C93C21}.Release|x64.Build.0 = Release|Any CPU
		{7018E6E0-7056-4A67-ABA2-DD2D83C93C21}.Release|x86.ActiveCfg = Release|Any CPU
		{7018E6E0-7056-4A67-ABA2-DD2D83C93C21}.Release|x86.Build.0 = Release|Any CPU
		{4A7BB80A-F635-4975-9B9E-1805FE9666DB}.Debug|Any CPU.ActiveCfg = Debug|Any CPU
		{4A7BB80A-F635-4975-9B9E-1805FE9666DB}.Debug|Any CPU.Build.0 = Debug|Any CPU
		{4A7BB80A-F635-4975-9B9E-1805FE9666DB}.Debug|x64.ActiveCfg = Debug|Any CPU
		{4A7BB80A-F635-4975-9B9E-1805FE9666DB}.Debug|x64.Build.0 = Debug|Any CPU
		{4A7BB80A-F635-4975-9B9E-1805FE9666DB}.Debug|x86.ActiveCfg = Debug|Any CPU
		{4A7BB80A-F635-4975-9B9E-1805FE9666DB}.Debug|x86.Build.0 = Debug|Any CPU
		{4A7BB80A-F635-4975-9B9E-1805FE9666DB}.Release|Any CPU.ActiveCfg = Release|Any CPU
		{4A7BB80A-F635-4975-9B9E-1805FE9666DB}.Release|Any CPU.Build.0 = Release|Any CPU
		{4A7BB80A-F635-4975-9B9E-1805FE9666DB}.Release|x64.ActiveCfg = Release|Any CPU
		{4A7BB80A-F635-4975-9B9E-1805FE9666DB}.Release|x64.Build.0 = Release|Any CPU
		{4A7BB80A-F635-4975-9B9E-1805FE9666DB}.Release|x86.ActiveCfg = Release|Any CPU
		{4A7BB80A-F635-4975-9B9E-1805FE9666DB}.Release|x86.Build.0 = Release|Any CPU
	EndGlobalSection
EndGlobal
