
Microsoft Visual Studio Solution File, Format Version 12.00
# Visual Studio Version 16
VisualStudioVersion = 16.0.32126.315
MinimumVisualStudioVersion = 10.0.40219.1
Project("{FAE04EC0-301F-11D3-BF4B-00C04F79EFBC}") = "Clase1v2019", "Clase1v2019.csproj", "{487EACC0-3253-420E-B518-658F996C5D1D}"
EndProject
Global
	GlobalSection(SolutionConfigurationPlatforms) = preSolution
		Debug|Any CPU = Debug|Any CPU
		Release|Any CPU = Release|Any CPU
	EndGlobalSection
	GlobalSection(ProjectConfigurationPlatforms) = postSolution
		{487EACC0-3253-420E-B518-658F996C5D1D}.Debug|Any CPU.ActiveCfg = Debug|Any CPU
		{487EACC0-3253-420E-B518-658F996C5D1D}.Debug|Any CPU.Build.0 = Debug|Any CPU
		{487EACC0-3253-420E-B518-658F996C5D1D}.Release|Any CPU.ActiveCfg = Release|Any CPU
		{487EACC0-3253-420E-B518-658F996C5D1D}.Release|Any CPU.Build.0 = Release|Any CPU
	EndGlobalSection
	GlobalSection(SolutionProperties) = preSolution
		HideSolutionNode = FALSE
	EndGlobalSection
	GlobalSection(ExtensibilityGlobals) = postSolution
		SolutionGuid = {B8FD351C-A6B9-4E0B-B14F-F27773D10943}
	EndGlobalSection
EndGlobal
